<?xml version="1.0" encoding="utf-8"?>
<Project ToolsVersion="4.0" xmlns="http://schemas.microsoft.com/developer/msbuild/2003">
  <ItemGroup>
    <Filter Include="Source Files">
      <UniqueIdentifier>{4FC737F1-C7A5-4376-A066-2A32D752A2FF}</UniqueIdentifier>
      <Extensions>cpp;c;cc;cxx;def;odl;idl;hpj;bat;asm;asmx</Extensions>
    </Filter>
    <Filter Include="Header Files">
      <UniqueIdentifier>{93995380-89BD-4b04-88EB-625FBE52EBFB}</UniqueIdentifier>
      <Extensions>h;hh;hpp;hxx;hm;inl;inc;ipp;xsd</Extensions>
    </Filter>
    <Filter Include="Resource Files">
      <UniqueIdentifier>{67DA6AB6-F800-4c08-8B7A-83BB121AAD01}</UniqueIdentifier>
      <Extensions>rc;ico;cur;bmp;dlg;rc2;rct;bin;rgs;gif;jpg;jpeg;jpe;resx;tiff;tif;png;wav;mfcribbon-ms</Extensions>
    </Filter>
  </ItemGroup>
  <ItemGroup>
    <ClCompile Include="cards.c">
      <Filter>Source Files</Filter>
    </ClCompile>
    <ClCompile Include="sdlfonts.c">
      <Filter>Source Files</Filter>
    </ClCompile>
    <ClCompile Include="vpoker.c">
      <Filter>Source Files</Filter>
    </ClCompile>
    <ClCompile Include="wccommon.c">
      <Filter>Source Files</Filter>
    </ClCompile>
    <ClCompile Include="events.c">
      <Filter>Source Files</Filter>
    </ClCompile>
    <ClCompile Include="jobrender.c">
      <Filter>Source Files</Filter>
    </ClCompile>
    <ClCompile Include="jobpaypout.c">
      <Filter>Source Files</Filter>
    </ClCompile>
    <ClCompile Include="sdlbuttons.c">
      <Filter>Source Files</Filter>
    </ClCompile>
    <ClCompile Include="sdlvpokerstatustable.c">
      <Filter>Source Files</Filter>
    </ClCompile>
  </ItemGroup>
  <ItemGroup>
    <ClInclude Include="cards.h">
      <Filter>Header Files</Filter>
    </ClInclude>
    <ClInclude Include="common.h">
      <Filter>Header Files</Filter>
    </ClInclude>
    <ClInclude Include="sdlbuttons.h">
      <Filter>Header Files</Filter>
    </ClInclude>
    <ClInclude Include="sdlcards.h">
      <Filter>Header Files</Filter>
    </ClInclude>
    <ClInclude Include="sdlfonts.h">
      <Filter>Header Files</Filter>
    </ClInclude>
    <ClInclude Include="wccommon.h">
      <Filter>Header Files</Filter>
    </ClInclude>
    <ClInclude Include="events.h">
      <Filter>Header Files</Filter>
    </ClInclude>
    <ClInclude Include="jobrender.h">
      <Filter>Header Files</Filter>
    </ClInclude>
    <ClInclude Include="jobpayout.h">
      <Filter>Header Files</Filter>
    </ClInclude>
    <ClInclude Include="sdlvpokerstatustable.h">
      <Filter>Header Files</Filter>
    </ClInclude>
  </ItemGroup>
  <ItemGroup>
    <None Include="packages.config" />
    <None Include="Makefile" />
  </ItemGroup>
</Project>